
Microsoft Visual Studio Solution File, Format Version 12.00
# Visual Studio Version 16
VisualStudioVersion = 16.6.30114.105
MinimumVisualStudioVersion = 10.0.40219.1
Project("{2150E333-8FDC-42A3-9474-1A3956D46DE8}") = "Services", "Services", "{28995842-1613-4C10-8EC7-C158E9EFCF1B}"
EndProject
Project("{2150E333-8FDC-42A3-9474-1A3956D46DE8}") = "Catalog", "Catalog", "{98CEC4AB-BC5A-460B-B8C3-3DB5177A4B48}"
	ProjectSection(SolutionItems) = preProject
		README.md = README.md
	EndProjectSection
EndProject
Project("{9A19103F-16F7-4668-BE54-9A1E7A4F7556}") = "Catalog.API", "Services\Catalog\Catalog.API\Catalog.API.csproj", "{206DF81F-2F6F-4815-9050-D55D12487718}"
EndProject
Project("{E53339B2-1760-4266-BCC7-CA923CBCF16C}") = "docker-compose", "docker-compose.dcproj", "{2F90BC19-7715-4D88-BFC5-B23C762DB897}"
EndProject
Project("{2150E333-8FDC-42A3-9474-1A3956D46DE8}") = "Basket", "Basket", "{7CA4E3F0-813B-484F-BD7A-5F57F63E3863}"
EndProject
Project("{9A19103F-16F7-4668-BE54-9A1E7A4F7556}") = "Basket.API", "Services\Basket\Basket.API\Basket.API.csproj", "{27DB1B24-93CE-404C-B004-B6C64774ABDB}"
EndProject
Project("{2150E333-8FDC-42A3-9474-1A3956D46DE8}") = "Discount", "Discount", "{1D49285E-1264-4506-B928-7C41A14DF3FD}"
EndProject
Project("{9A19103F-16F7-4668-BE54-9A1E7A4F7556}") = "Discount.API", "Services\Discount\Discount.API\Discount.API.csproj", "{79AFA21A-C82C-4D27-9F43-0345B56D9666}"
EndProject
Project("{9A19103F-16F7-4668-BE54-9A1E7A4F7556}") = "Discount.Grpc", "Services\Discount\Discount.Grpc\Discount.Grpc.csproj", "{2FC169CA-C27C-420F-B4F9-8B3E9C39D616}"
EndProject
Project("{2150E333-8FDC-42A3-9474-1A3956D46DE8}") = "Ordering", "Ordering", "{5254058E-A44B-4E3D-8606-8535CDBA0E15}"
EndProject
Project("{9A19103F-16F7-4668-BE54-9A1E7A4F7556}") = "Ordering.API", "Services\Ordering\Ordering.API\Ordering.API.csproj", "{042F833A-7B19-4FF7-946B-445366838BAF}"
EndProject
Project("{9A19103F-16F7-4668-BE54-9A1E7A4F7556}") = "Ordering.Domain", "Services\Ordering\Ordering.Domain\Ordering.Domain.csproj", "{64C9FB82-814F-406E-BE76-0873882F4E59}"
EndProject
Project("{9A19103F-16F7-4668-BE54-9A1E7A4F7556}") = "Ordering.Application", "Services\Ordering\Ordering.Application\Ordering.Application.csproj", "{75630BF3-C151-4AB3-9E44-ECE5434DA7EA}"
EndProject
Project("{9A19103F-16F7-4668-BE54-9A1E7A4F7556}") = "Ordering.Infrastructure", "Services\Ordering\Ordering.Infrastructure\Ordering.Infrastructure.csproj", "{BA5DE7A8-6DED-4DD8-9C48-B441CA96C174}"
EndProject
Project("{2150E333-8FDC-42A3-9474-1A3956D46DE8}") = "BuildingBlocks", "BuildingBlocks", "{6E4CF2B9-4B31-4ECE-B03D-A76E1E607859}"
EndProject
Project("{9A19103F-16F7-4668-BE54-9A1E7A4F7556}") = "EventBus.Messages", "BuildingBlocks\EventBus.Messages\EventBus.Messages.csproj", "{0B551C04-4061-4A05-88F9-4C71A65CFCF7}"
EndProject
Project("{2150E333-8FDC-42A3-9474-1A3956D46DE8}") = "ApiGateways", "ApiGateways", "{92EEA5C4-0714-4674-A879-4837B217390B}"
EndProject
Project("{9A19103F-16F7-4668-BE54-9A1E7A4F7556}") = "OcelotApiGw", "ApiGateways\OcelotApiGw\OcelotApiGw.csproj", "{C4B76570-FA49-492B-BAFE-C204C11FD00A}"
EndProject
Project("{9A19103F-16F7-4668-BE54-9A1E7A4F7556}") = "Shopping.Aggregator", "ApiGateways\Shopping.Aggregator\Shopping.Aggregator.csproj", "{2E0CE518-8CD4-478B-BF35-CEAE0AAE6813}"
EndProject
Project("{2150E333-8FDC-42A3-9474-1A3956D46DE8}") = "WebApps", "WebApps", "{A8F87998-3AF0-4096-A5A9-E301177ADE9A}"
EndProject
Project("{9A19103F-16F7-4668-BE54-9A1E7A4F7556}") = "AspnetRunBasics", "WebApps\AspnetRunBasics\AspnetRunBasics.csproj", "{F6CBFBF8-E311-443F-A444-FAAD0730BF03}"
EndProject
Project("{2150E333-8FDC-42A3-9474-1A3956D46DE8}") = "Auth", "Auth", "{55B7DF74-7487-4CAA-888F-B5F6B6DA95FF}"
EndProject
Project("{9A19103F-16F7-4668-BE54-9A1E7A4F7556}") = "AuthServer.API", "Services\Auth\AuthServer.API\AuthServer.API.csproj", "{E5F4E477-D142-40C1-90C7-8E15D81CFF7B}"
EndProject
Project("{FAE04EC0-301F-11D3-BF4B-00C04F79EFBC}") = "Common.Logging", "BuildingBlocks\Common.Logging\Common.Logging.csproj", "{A6B2B0A8-F217-4680-8EAF-7ABBC00F1048}"
EndProject
Project("{FAE04EC0-301F-11D3-BF4B-00C04F79EFBC}") = "WebStatus", "WebApps\WebStatus\WebStatus.csproj", "{F0F8AE5F-BC25-4C11-B410-1D33BC6D2016}"
EndProject
Global
	GlobalSection(SolutionConfigurationPlatforms) = preSolution
		Debug|Any CPU = Debug|Any CPU
		Debug|x64 = Debug|x64
		Debug|x86 = Debug|x86
		Release|Any CPU = Release|Any CPU
		Release|x64 = Release|x64
		Release|x86 = Release|x86
	EndGlobalSection
	GlobalSection(ProjectConfigurationPlatforms) = postSolution
		{206DF81F-2F6F-4815-9050-D55D12487718}.Debug|Any CPU.ActiveCfg = Debug|Any CPU
		{206DF81F-2F6F-4815-9050-D55D12487718}.Debug|Any CPU.Build.0 = Debug|Any CPU
		{206DF81F-2F6F-4815-9050-D55D12487718}.Debug|x64.ActiveCfg = Debug|Any CPU
		{206DF81F-2F6F-4815-9050-D55D12487718}.Debug|x64.Build.0 = Debug|Any CPU
		{206DF81F-2F6F-4815-9050-D55D12487718}.Debug|x86.ActiveCfg = Debug|Any CPU
		{206DF81F-2F6F-4815-9050-D55D12487718}.Debug|x86.Build.0 = Debug|Any CPU
		{206DF81F-2F6F-4815-9050-D55D12487718}.Release|Any CPU.ActiveCfg = Release|Any CPU
		{206DF81F-2F6F-4815-9050-D55D12487718}.Release|Any CPU.Build.0 = Release|Any CPU
		{206DF81F-2F6F-4815-9050-D55D12487718}.Release|x64.ActiveCfg = Release|Any CPU
		{206DF81F-2F6F-4815-9050-D55D12487718}.Release|x64.Build.0 = Release|Any CPU
		{206DF81F-2F6F-4815-9050-D55D12487718}.Release|x86.ActiveCfg = Release|Any CPU
		{206DF81F-2F6F-4815-9050-D55D12487718}.Release|x86.Build.0 = Release|Any CPU
		{2F90BC19-7715-4D88-BFC5-B23C762DB897}.Debug|Any CPU.ActiveCfg = Debug|Any CPU
		{2F90BC19-7715-4D88-BFC5-B23C762DB897}.Debug|Any CPU.Build.0 = Debug|Any CPU
		{2F90BC19-7715-4D88-BFC5-B23C762DB897}.Debug|x64.ActiveCfg = Debug|Any CPU
		{2F90BC19-7715-4D88-BFC5-B23C762DB897}.Debug|x64.Build.0 = Debug|Any CPU
		{2F90BC19-7715-4D88-BFC5-B23C762DB897}.Debug|x86.ActiveCfg = Debug|Any CPU
		{2F90BC19-7715-4D88-BFC5-B23C762DB897}.Debug|x86.Build.0 = Debug|Any CPU
		{2F90BC19-7715-4D88-BFC5-B23C762DB897}.Release|Any CPU.ActiveCfg = Release|Any CPU
		{2F90BC19-7715-4D88-BFC5-B23C762DB897}.Release|Any CPU.Build.0 = Release|Any CPU
		{2F90BC19-7715-4D88-BFC5-B23C762DB897}.Release|x64.ActiveCfg = Release|Any CPU
		{2F90BC19-7715-4D88-BFC5-B23C762DB897}.Release|x64.Build.0 = Release|Any CPU
		{2F90BC19-7715-4D88-BFC5-B23C762DB897}.Release|x86.ActiveCfg = Release|Any CPU
		{2F90BC19-7715-4D88-BFC5-B23C762DB897}.Release|x86.Build.0 = Release|Any CPU
		{27DB1B24-93CE-404C-B004-B6C64774ABDB}.Debug|Any CPU.ActiveCfg = Debug|Any CPU
		{27DB1B24-93CE-404C-B004-B6C64774ABDB}.Debug|Any CPU.Build.0 = Debug|Any CPU
		{27DB1B24-93CE-404C-B004-B6C64774ABDB}.Debug|x64.ActiveCfg = Debug|Any CPU
		{27DB1B24-93CE-404C-B004-B6C64774ABDB}.Debug|x64.Build.0 = Debug|Any CPU
		{27DB1B24-93CE-404C-B004-B6C64774ABDB}.Debug|x86.ActiveCfg = Debug|Any CPU
		{27DB1B24-93CE-404C-B004-B6C64774ABDB}.Debug|x86.Build.0 = Debug|Any CPU
		{27DB1B24-93CE-404C-B004-B6C64774ABDB}.Release|Any CPU.ActiveCfg = Release|Any CPU
		{27DB1B24-93CE-404C-B004-B6C64774ABDB}.Release|Any CPU.Build.0 = Release|Any CPU
		{27DB1B24-93CE-404C-B004-B6C64774ABDB}.Release|x64.ActiveCfg = Release|Any CPU
		{27DB1B24-93CE-404C-B004-B6C64774ABDB}.Release|x64.Build.0 = Release|Any CPU
		{27DB1B24-93CE-404C-B004-B6C64774ABDB}.Release|x86.ActiveCfg = Release|Any CPU
		{27DB1B24-93CE-404C-B004-B6C64774ABDB}.Release|x86.Build.0 = Release|Any CPU
		{79AFA21A-C82C-4D27-9F43-0345B56D9666}.Debug|Any CPU.ActiveCfg = Debug|Any CPU
		{79AFA21A-C82C-4D27-9F43-0345B56D9666}.Debug|Any CPU.Build.0 = Debug|Any CPU
		{79AFA21A-C82C-4D27-9F43-0345B56D9666}.Debug|x64.ActiveCfg = Debug|Any CPU
		{79AFA21A-C82C-4D27-9F43-0345B56D9666}.Debug|x64.Build.0 = Debug|Any CPU
		{79AFA21A-C82C-4D27-9F43-0345B56D9666}.Debug|x86.ActiveCfg = Debug|Any CPU
		{79AFA21A-C82C-4D27-9F43-0345B56D9666}.Debug|x86.Build.0 = Debug|Any CPU
		{79AFA21A-C82C-4D27-9F43-0345B56D9666}.Release|Any CPU.ActiveCfg = Release|Any CPU
		{79AFA21A-C82C-4D27-9F43-0345B56D9666}.Release|Any CPU.Build.0 = Release|Any CPU
		{79AFA21A-C82C-4D27-9F43-0345B56D9666}.Release|x64.ActiveCfg = Release|Any CPU
		{79AFA21A-C82C-4D27-9F43-0345B56D9666}.Release|x64.Build.0 = Release|Any CPU
		{79AFA21A-C82C-4D27-9F43-0345B56D9666}.Release|x86.ActiveCfg = Release|Any CPU
		{79AFA21A-C82C-4D27-9F43-0345B56D9666}.Release|x86.Build.0 = Release|Any CPU
		{2FC169CA-C27C-420F-B4F9-8B3E9C39D616}.Debug|Any CPU.ActiveCfg = Debug|Any CPU
		{2FC169CA-C27C-420F-B4F9-8B3E9C39D616}.Debug|Any CPU.Build.0 = Debug|Any CPU
		{2FC169CA-C27C-420F-B4F9-8B3E9C39D616}.Debug|x64.ActiveCfg = Debug|Any CPU
		{2FC169CA-C27C-420F-B4F9-8B3E9C39D616}.Debug|x64.Build.0 = Debug|Any CPU
		{2FC169CA-C27C-420F-B4F9-8B3E9C39D616}.Debug|x86.ActiveCfg = Debug|Any CPU
		{2FC169CA-C27C-420F-B4F9-8B3E9C39D616}.Debug|x86.Build.0 = Debug|Any CPU
		{2FC169CA-C27C-420F-B4F9-8B3E9C39D616}.Release|Any CPU.ActiveCfg = Release|Any CPU
		{2FC169CA-C27C-420F-B4F9-8B3E9C39D616}.Release|Any CPU.Build.0 = Release|Any CPU
		{2FC169CA-C27C-420F-B4F9-8B3E9C39D616}.Release|x64.ActiveCfg = Release|Any CPU
		{2FC169CA-C27C-420F-B4F9-8B3E9C39D616}.Release|x64.Build.0 = Release|Any CPU
		{2FC169CA-C27C-420F-B4F9-8B3E9C39D616}.Release|x86.ActiveCfg = Release|Any CPU
		{2FC169CA-C27C-420F-B4F9-8B3E9C39D616}.Release|x86.Build.0 = Release|Any CPU
		{042F833A-7B19-4FF7-946B-445366838BAF}.Debug|Any CPU.ActiveCfg = Debug|Any CPU
		{042F833A-7B19-4FF7-946B-445366838BAF}.Debug|Any CPU.Build.0 = Debug|Any CPU
		{042F833A-7B19-4FF7-946B-445366838BAF}.Debug|x64.ActiveCfg = Debug|Any CPU
		{042F833A-7B19-4FF7-946B-445366838BAF}.Debug|x64.Build.0 = Debug|Any CPU
		{042F833A-7B19-4FF7-946B-445366838BAF}.Debug|x86.ActiveCfg = Debug|Any CPU
		{042F833A-7B19-4FF7-946B-445366838BAF}.Debug|x86.Build.0 = Debug|Any CPU
		{042F833A-7B19-4FF7-946B-445366838BAF}.Release|Any CPU.ActiveCfg = Release|Any CPU
		{042F833A-7B19-4FF7-946B-445366838BAF}.Release|Any CPU.Build.0 = Release|Any CPU
		{042F833A-7B19-4FF7-946B-445366838BAF}.Release|x64.ActiveCfg = Release|Any CPU
		{042F833A-7B19-4FF7-946B-445366838BAF}.Release|x64.Build.0 = Release|Any CPU
		{042F833A-7B19-4FF7-946B-445366838BAF}.Release|x86.ActiveCfg = Release|Any CPU
		{042F833A-7B19-4FF7-946B-445366838BAF}.Release|x86.Build.0 = Release|Any CPU
		{64C9FB82-814F-406E-BE76-0873882F4E59}.Debug|Any CPU.ActiveCfg = Debug|Any CPU
		{64C9FB82-814F-406E-BE76-0873882F4E59}.Debug|Any CPU.Build.0 = Debug|Any CPU
		{64C9FB82-814F-406E-BE76-0873882F4E59}.Debug|x64.ActiveCfg = Debug|Any CPU
		{64C9FB82-814F-406E-BE76-0873882F4E59}.Debug|x64.Build.0 = Debug|Any CPU
		{64C9FB82-814F-406E-BE76-0873882F4E59}.Debug|x86.ActiveCfg = Debug|Any CPU
		{64C9FB82-814F-406E-BE76-0873882F4E59}.Debug|x86.Build.0 = Debug|Any CPU
		{64C9FB82-814F-406E-BE76-0873882F4E59}.Release|Any CPU.ActiveCfg = Release|Any CPU
		{64C9FB82-814F-406E-BE76-0873882F4E59}.Release|Any CPU.Build.0 = Release|Any CPU
		{64C9FB82-814F-406E-BE76-0873882F4E59}.Release|x64.ActiveCfg = Release|Any CPU
		{64C9FB82-814F-406E-BE76-0873882F4E59}.Release|x64.Build.0 = Release|Any CPU
		{64C9FB82-814F-406E-BE76-0873882F4E59}.Release|x86.ActiveCfg = Release|Any CPU
		{64C9FB82-814F-406E-BE76-0873882F4E59}.Release|x86.Build.0 = Release|Any CPU
		{75630BF3-C151-4AB3-9E44-ECE5434DA7EA}.Debug|Any CPU.ActiveCfg = Debug|Any CPU
		{75630BF3-C151-4AB3-9E44-ECE5434DA7EA}.Debug|Any CPU.Build.0 = Debug|Any CPU
		{75630BF3-C151-4AB3-9E44-ECE5434DA7EA}.Debug|x64.ActiveCfg = Debug|Any CPU
		{75630BF3-C151-4AB3-9E44-ECE5434DA7EA}.Debug|x64.Build.0 = Debug|Any CPU
		{75630BF3-C151-4AB3-9E44-ECE5434DA7EA}.Debug|x86.ActiveCfg = Debug|Any CPU
		{75630BF3-C151-4AB3-9E44-ECE5434DA7EA}.Debug|x86.Build.0 = Debug|Any CPU
		{75630BF3-C151-4AB3-9E44-ECE5434DA7EA}.Release|Any CPU.ActiveCfg = Release|Any CPU
		{75630BF3-C151-4AB3-9E44-ECE5434DA7EA}.Release|Any CPU.Build.0 = Release|Any CPU
		{75630BF3-C151-4AB3-9E44-ECE5434DA7EA}.Release|x64.ActiveCfg = Release|Any CPU
		{75630BF3-C151-4AB3-9E44-ECE5434DA7EA}.Release|x64.Build.0 = Release|Any CPU
		{75630BF3-C151-4AB3-9E44-ECE5434DA7EA}.Release|x86.ActiveCfg = Release|Any CPU
		{75630BF3-C151-4AB3-9E44-ECE5434DA7EA}.Release|x86.Build.0 = Release|Any CPU
		{BA5DE7A8-6DED-4DD8-9C48-B441CA96C174}.Debug|Any CPU.ActiveCfg = Debug|Any CPU
		{BA5DE7A8-6DED-4DD8-9C48-B441CA96C174}.Debug|Any CPU.Build.0 = Debug|Any CPU
		{BA5DE7A8-6DED-4DD8-9C48-B441CA96C174}.Debug|x64.ActiveCfg = Debug|Any CPU
		{BA5DE7A8-6DED-4DD8-9C48-B441CA96C174}.Debug|x64.Build.0 = Debug|Any CPU
		{BA5DE7A8-6DED-4DD8-9C48-B441CA96C174}.Debug|x86.ActiveCfg = Debug|Any CPU
		{BA5DE7A8-6DED-4DD8-9C48-B441CA96C174}.Debug|x86.Build.0 = Debug|Any CPU
		{BA5DE7A8-6DED-4DD8-9C48-B441CA96C174}.Release|Any CPU.ActiveCfg = Release|Any CPU
		{BA5DE7A8-6DED-4DD8-9C48-B441CA96C174}.Release|Any CPU.Build.0 = Release|Any CPU
		{BA5DE7A8-6DED-4DD8-9C48-B441CA96C174}.Release|x64.ActiveCfg = Release|Any CPU
		{BA5DE7A8-6DED-4DD8-9C48-B441CA96C174}.Release|x64.Build.0 = Release|Any CPU
		{BA5DE7A8-6DED-4DD8-9C48-B441CA96C174}.Release|x86.ActiveCfg = Release|Any CPU
		{BA5DE7A8-6DED-4DD8-9C48-B441CA96C174}.Release|x86.Build.0 = Release|Any CPU
		{0B551C04-4061-4A05-88F9-4C71A65CFCF7}.Debug|Any CPU.ActiveCfg = Debug|Any CPU
		{0B551C04-4061-4A05-88F9-4C71A65CFCF7}.Debug|Any CPU.Build.0 = Debug|Any CPU
		{0B551C04-4061-4A05-88F9-4C71A65CFCF7}.Debug|x64.ActiveCfg = Debug|Any CPU
		{0B551C04-4061-4A05-88F9-4C71A65CFCF7}.Debug|x64.Build.0 = Debug|Any CPU
		{0B551C04-4061-4A05-88F9-4C71A65CFCF7}.Debug|x86.ActiveCfg = Debug|Any CPU
		{0B551C04-4061-4A05-88F9-4C71A65CFCF7}.Debug|x86.Build.0 = Debug|Any CPU
		{0B551C04-4061-4A05-88F9-4C71A65CFCF7}.Release|Any CPU.ActiveCfg = Release|Any CPU
		{0B551C04-4061-4A05-88F9-4C71A65CFCF7}.Release|Any CPU.Build.0 = Release|Any CPU
		{0B551C04-4061-4A05-88F9-4C71A65CFCF7}.Release|x64.ActiveCfg = Release|Any CPU
		{0B551C04-4061-4A05-88F9-4C71A65CFCF7}.Release|x64.Build.0 = Release|Any CPU
		{0B551C04-4061-4A05-88F9-4C71A65CFCF7}.Release|x86.ActiveCfg = Release|Any CPU
		{0B551C04-4061-4A05-88F9-4C71A65CFCF7}.Release|x86.Build.0 = Release|Any CPU
		{C4B76570-FA49-492B-BAFE-C204C11FD00A}.Debug|Any CPU.ActiveCfg = Debug|Any CPU
		{C4B76570-FA49-492B-BAFE-C204C11FD00A}.Debug|Any CPU.Build.0 = Debug|Any CPU
		{C4B76570-FA49-492B-BAFE-C204C11FD00A}.Debug|x64.ActiveCfg = Debug|Any CPU
		{C4B76570-FA49-492B-BAFE-C204C11FD00A}.Debug|x64.Build.0 = Debug|Any CPU
		{C4B76570-FA49-492B-BAFE-C204C11FD00A}.Debug|x86.ActiveCfg = Debug|Any CPU
		{C4B76570-FA49-492B-BAFE-C204C11FD00A}.Debug|x86.Build.0 = Debug|Any CPU
		{C4B76570-FA49-492B-BAFE-C204C11FD00A}.Release|Any CPU.ActiveCfg = Release|Any CPU
		{C4B76570-FA49-492B-BAFE-C204C11FD00A}.Release|Any CPU.Build.0 = Release|Any CPU
		{C4B76570-FA49-492B-BAFE-C204C11FD00A}.Release|x64.ActiveCfg = Release|Any CPU
		{C4B76570-FA49-492B-BAFE-C204C11FD00A}.Release|x64.Build.0 = Release|Any CPU
		{C4B76570-FA49-492B-BAFE-C204C11FD00A}.Release|x86.ActiveCfg = Release|Any CPU
		{C4B76570-FA49-492B-BAFE-C204C11FD00A}.Release|x86.Build.0 = Release|Any CPU
		{2E0CE518-8CD4-478B-BF35-CEAE0AAE6813}.Debug|Any CPU.ActiveCfg = Debug|Any CPU
		{2E0CE518-8CD4-478B-BF35-CEAE0AAE6813}.Debug|Any CPU.Build.0 = Debug|Any CPU
		{2E0CE518-8CD4-478B-BF35-CEAE0AAE6813}.Debug|x64.ActiveCfg = Debug|Any CPU
		{2E0CE518-8CD4-478B-BF35-CEAE0AAE6813}.Debug|x64.Build.0 = Debug|Any CPU
		{2E0CE518-8CD4-478B-BF35-CEAE0AAE6813}.Debug|x86.ActiveCfg = Debug|Any CPU
		{2E0CE518-8CD4-478B-BF35-CEAE0AAE6813}.Debug|x86.Build.0 = Debug|Any CPU
		{2E0CE518-8CD4-478B-BF35-CEAE0AAE6813}.Release|Any CPU.ActiveCfg = Release|Any CPU
		{2E0CE518-8CD4-478B-BF35-CEAE0AAE6813}.Release|Any CPU.Build.0 = Release|Any CPU
		{2E0CE518-8CD4-478B-BF35-CEAE0AAE6813}.Release|x64.ActiveCfg = Release|Any CPU
		{2E0CE518-8CD4-478B-BF35-CEAE0AAE6813}.Release|x64.Build.0 = Release|Any CPU
		{2E0CE518-8CD4-478B-BF35-CEAE0AAE6813}.Release|x86.ActiveCfg = Release|Any CPU
		{2E0CE518-8CD4-478B-BF35-CEAE0AAE6813}.Release|x86.Build.0 = Release|Any CPU
		{F6CBFBF8-E311-443F-A444-FAAD0730BF03}.Debug|Any CPU.ActiveCfg = Debug|Any CPU
		{F6CBFBF8-E311-443F-A444-FAAD0730BF03}.Debug|Any CPU.Build.0 = Debug|Any CPU
		{F6CBFBF8-E311-443F-A444-FAAD0730BF03}.Debug|x64.ActiveCfg = Debug|Any CPU
		{F6CBFBF8-E311-443F-A444-FAAD0730BF03}.Debug|x64.Build.0 = Debug|Any CPU
		{F6CBFBF8-E311-443F-A444-FAAD0730BF03}.Debug|x86.ActiveCfg = Debug|Any CPU
		{F6CBFBF8-E311-443F-A444-FAAD0730BF03}.Debug|x86.Build.0 = Debug|Any CPU
		{F6CBFBF8-E311-443F-A444-FAAD0730BF03}.Release|Any CPU.ActiveCfg = Release|Any CPU
		{F6CBFBF8-E311-443F-A444-FAAD0730BF03}.Release|Any CPU.Build.0 = Release|Any CPU
		{F6CBFBF8-E311-443F-A444-FAAD0730BF03}.Release|x64.ActiveCfg = Release|Any CPU
		{F6CBFBF8-E311-443F-A444-FAAD0730BF03}.Release|x64.Build.0 = Release|Any CPU
		{F6CBFBF8-E311-443F-A444-FAAD0730BF03}.Release|x86.ActiveCfg = Release|Any CPU
		{F6CBFBF8-E311-443F-A444-FAAD0730BF03}.Release|x86.Build.0 = Release|Any CPU
		{E5F4E477-D142-40C1-90C7-8E15D81CFF7B}.Debug|Any CPU.ActiveCfg = Debug|Any CPU
		{E5F4E477-D142-40C1-90C7-8E15D81CFF7B}.Debug|Any CPU.Build.0 = Debug|Any CPU
		{E5F4E477-D142-40C1-90C7-8E15D81CFF7B}.Debug|x64.ActiveCfg = Debug|Any CPU
		{E5F4E477-D142-40C1-90C7-8E15D81CFF7B}.Debug|x64.Build.0 = Debug|Any CPU
		{E5F4E477-D142-40C1-90C7-8E15D81CFF7B}.Debug|x86.ActiveCfg = Debug|Any CPU
		{E5F4E477-D142-40C1-90C7-8E15D81CFF7B}.Debug|x86.Build.0 = Debug|Any CPU
		{E5F4E477-D142-40C1-90C7-8E15D81CFF7B}.Release|Any CPU.ActiveCfg = Release|Any CPU
		{E5F4E477-D142-40C1-90C7-8E15D81CFF7B}.Release|Any CPU.Build.0 = Release|Any CPU
		{E5F4E477-D142-40C1-90C7-8E15D81CFF7B}.Release|x64.ActiveCfg = Release|Any CPU
		{E5F4E477-D142-40C1-90C7-8E15D81CFF7B}.Release|x64.Build.0 = Release|Any CPU
		{E5F4E477-D142-40C1-90C7-8E15D81CFF7B}.Release|x86.ActiveCfg = Release|Any CPU
		{E5F4E477-D142-40C1-90C7-8E15D81CFF7B}.Release|x86.Build.0 = Release|Any CPU
		{A6B2B0A8-F217-4680-8EAF-7ABBC00F1048}.Debug|Any CPU.ActiveCfg = Debug|Any CPU
		{A6B2B0A8-F217-4680-8EAF-7ABBC00F1048}.Debug|Any CPU.Build.0 = Debug|Any CPU
		{A6B2B0A8-F217-4680-8EAF-7ABBC00F1048}.Debug|x64.ActiveCfg = Debug|Any CPU
		{A6B2B0A8-F217-4680-8EAF-7ABBC00F1048}.Debug|x64.Build.0 = Debug|Any CPU
		{A6B2B0A8-F217-4680-8EAF-7ABBC00F1048}.Debug|x86.ActiveCfg = Debug|Any CPU
		{A6B2B0A8-F217-4680-8EAF-7ABBC00F1048}.Debug|x86.Build.0 = Debug|Any CPU
		{A6B2B0A8-F217-4680-8EAF-7ABBC00F1048}.Release|Any CPU.ActiveCfg = Release|Any CPU
		{A6B2B0A8-F217-4680-8EAF-7ABBC00F1048}.Release|Any CPU.Build.0 = Release|Any CPU
		{A6B2B0A8-F217-4680-8EAF-7ABBC00F1048}.Release|x64.ActiveCfg = Release|Any CPU
		{A6B2B0A8-F217-4680-8EAF-7ABBC00F1048}.Release|x64.Build.0 = Release|Any CPU
		{A6B2B0A8-F217-4680-8EAF-7ABBC00F1048}.Release|x86.ActiveCfg = Release|Any CPU
		{A6B2B0A8-F217-4680-8EAF-7ABBC00F1048}.Release|x86.Build.0 = Release|Any CPU
		{F0F8AE5F-BC25-4C11-B410-1D33BC6D2016}.Debug|Any CPU.ActiveCfg = Debug|Any CPU
		{F0F8AE5F-BC25-4C11-B410-1D33BC6D2016}.Debug|Any CPU.Build.0 = Debug|Any CPU
		{F0F8AE5F-BC25-4C11-B410-1D33BC6D2016}.Debug|x64.ActiveCfg = Debug|Any CPU
		{F0F8AE5F-BC25-4C11-B410-1D33BC6D2016}.Debug|x64.Build.0 = Debug|Any CPU
		{F0F8AE5F-BC25-4C11-B410-1D33BC6D2016}.Debug|x86.ActiveCfg = Debug|Any CPU
		{F0F8AE5F-BC25-4C11-B410-1D33BC6D2016}.Debug|x86.Build.0 = Debug|Any CPU
		{F0F8AE5F-BC25-4C11-B410-1D33BC6D2016}.Release|Any CPU.ActiveCfg = Release|Any CPU
		{F0F8AE5F-BC25-4C11-B410-1D33BC6D2016}.Release|Any CPU.Build.0 = Release|Any CPU
		{F0F8AE5F-BC25-4C11-B410-1D33BC6D2016}.Release|x64.ActiveCfg = Release|Any CPU
		{F0F8AE5F-BC25-4C11-B410-1D33BC6D2016}.Release|x64.Build.0 = Release|Any CPU
		{F0F8AE5F-BC25-4C11-B410-1D33BC6D2016}.Release|x86.ActiveCfg = Release|Any CPU
		{F0F8AE5F-BC25-4C11-B410-1D33BC6D2016}.Release|x86.Build.0 = Release|Any CPU
	EndGlobalSection
	GlobalSection(SolutionProperties) = preSolution
		HideSolutionNode = FALSE
	EndGlobalSection
	GlobalSection(NestedProjects) = preSolution
		{98CEC4AB-BC5A-460B-B8C3-3DB5177A4B48} = {28995842-1613-4C10-8EC7-C158E9EFCF1B}
		{206DF81F-2F6F-4815-9050-D55D12487718} = {98CEC4AB-BC5A-460B-B8C3-3DB5177A4B48}
		{7CA4E3F0-813B-484F-BD7A-5F57F63E3863} = {28995842-1613-4C10-8EC7-C158E9EFCF1B}
		{27DB1B24-93CE-404C-B004-B6C64774ABDB} = {7CA4E3F0-813B-484F-BD7A-5F57F63E3863}
		{1D49285E-1264-4506-B928-7C41A14DF3FD} = {28995842-1613-4C10-8EC7-C158E9EFCF1B}
		{79AFA21A-C82C-4D27-9F43-0345B56D9666} = {1D49285E-1264-4506-B928-7C41A14DF3FD}
		{2FC169CA-C27C-420F-B4F9-8B3E9C39D616} = {1D49285E-1264-4506-B928-7C41A14DF3FD}
		{5254058E-A44B-4E3D-8606-8535CDBA0E15} = {28995842-1613-4C10-8EC7-C158E9EFCF1B}
		{042F833A-7B19-4FF7-946B-445366838BAF} = {5254058E-A44B-4E3D-8606-8535CDBA0E15}
		{64C9FB82-814F-406E-BE76-0873882F4E59} = {5254058E-A44B-4E3D-8606-8535CDBA0E15}
		{75630BF3-C151-4AB3-9E44-ECE5434DA7EA} = {5254058E-A44B-4E3D-8606-8535CDBA0E15}
		{BA5DE7A8-6DED-4DD8-9C48-B441CA96C174} = {5254058E-A44B-4E3D-8606-8535CDBA0E15}
		{0B551C04-4061-4A05-88F9-4C71A65CFCF7} = {6E4CF2B9-4B31-4ECE-B03D-A76E1E607859}
		{C4B76570-FA49-492B-BAFE-C204C11FD00A} = {92EEA5C4-0714-4674-A879-4837B217390B}
		{2E0CE518-8CD4-478B-BF35-CEAE0AAE6813} = {92EEA5C4-0714-4674-A879-4837B217390B}
		{F6CBFBF8-E311-443F-A444-FAAD0730BF03} = {A8F87998-3AF0-4096-A5A9-E301177ADE9A}
		{55B7DF74-7487-4CAA-888F-B5F6B6DA95FF} = {28995842-1613-4C10-8EC7-C158E9EFCF1B}
		{E5F4E477-D142-40C1-90C7-8E15D81CFF7B} = {55B7DF74-7487-4CAA-888F-B5F6B6DA95FF}
		{A6B2B0A8-F217-4680-8EAF-7ABBC00F1048} = {6E4CF2B9-4B31-4ECE-B03D-A76E1E607859}
		{F0F8AE5F-BC25-4C11-B410-1D33BC6D2016} = {A8F87998-3AF0-4096-A5A9-E301177ADE9A}
	EndGlobalSection
	GlobalSection(ExtensibilityGlobals) = postSolution
		SolutionGuid = {A75FD74D-0DB1-4E6A-A4EF-595FC08E585B}
	EndGlobalSection
EndGlobal
